
Microsoft Visual Studio Solution File, Format Version 12.00
# Visual Studio Version 16
VisualStudioVersion = 16.0.29509.3
MinimumVisualStudioVersion = 10.0.40219.1
Project("{9A19103F-16F7-4668-BE54-9A1E7A4F7556}") = "OSS.Clients.Msg.Wechat", "OSS.Clients.Msg.Wechat\OSS.Clients.Msg.Wechat.csproj", "{0E569D36-E319-4D24-A0F8-73E333C4176D}"
EndProject
Project("{2150E333-8FDC-42A3-9474-1A3956D46DE8}") = "Solution Items", "Solution Items", "{0A9571A4-271D-404D-A070-088D698A029D}"
	ProjectSection(SolutionItems) = preProject
		..\README.md = ..\README.md
	EndProjectSection
EndProject
Global
	GlobalSection(SolutionConfigurationPlatforms) = preSolution
		Debug|Any CPU = Debug|Any CPU
		Release|Any CPU = Release|Any CPU
	EndGlobalSection
	GlobalSection(ProjectConfigurationPlatforms) = postSolution
		{0E569D36-E319-4D24-A0F8-73E333C4176D}.Debug|Any CPU.ActiveCfg = Release|Any CPU
		{0E569D36-E319-4D24-A0F8-73E333C4176D}.Debug|Any CPU.Build.0 = Release|Any CPU
		{0E569D36-E319-4D24-A0F8-73E333C4176D}.Release|Any CPU.ActiveCfg = Release|Any CPU
		{0E569D36-E319-4D24-A0F8-73E333C4176D}.Release|Any CPU.Build.0 = Release|Any CPU
	EndGlobalSection
	GlobalSection(SolutionProperties) = preSolution
		HideSolutionNode = FALSE
	EndGlobalSection
	GlobalSection(ExtensibilityGlobals) = postSolution
		SolutionGuid = {5F74D9B5-6809-4D57-AA82-B2202E2CC620}
	EndGlobalSection
EndGlobal
