
Microsoft Visual Studio Solution File, Format Version 12.00
# Visual Studio 14
VisualStudioVersion = 14.0.25420.1
MinimumVisualStudioVersion = 10.0.40219.1
Project("{2150E333-8FDC-42A3-9474-1A3956D46DE8}") = "WX", "WX", "{FEDAA494-9793-42A6-9F9C-D6CF02022180}"
EndProject
Project("{FAE04EC0-301F-11D3-BF4B-00C04F79EFBC}") = "OS.Social.WX", "WX\OS.Social.WX\OS.Social.WX.csproj", "{D9F2075E-8FDC-4734-B2CB-02399F982867}"
EndProject
Project("{FAE04EC0-301F-11D3-BF4B-00C04F79EFBC}") = "OS.Social.Samples", "OS.Social.Samples\OS.Social.Samples.csproj", "{5E7D6976-5D48-4D97-8988-2A2255FF93FC}"
EndProject
Project("{2150E333-8FDC-42A3-9474-1A3956D46DE8}") = "Solution Items", "Solution Items", "{1C554E9E-D16E-4015-B2A7-DF8E95E33273}"
	ProjectSection(SolutionItems) = preProject
		README.md = README.md
	EndProjectSection
EndProject
Global
	GlobalSection(SolutionConfigurationPlatforms) = preSolution
		Debug|Any CPU = Debug|Any CPU
		Release|Any CPU = Release|Any CPU
	EndGlobalSection
	GlobalSection(ProjectConfigurationPlatforms) = postSolution
		{D9F2075E-8FDC-4734-B2CB-02399F982867}.Debug|Any CPU.ActiveCfg = Release|Any CPU
		{D9F2075E-8FDC-4734-B2CB-02399F982867}.Debug|Any CPU.Build.0 = Release|Any CPU
		{D9F2075E-8FDC-4734-B2CB-02399F982867}.Release|Any CPU.ActiveCfg = Release|Any CPU
		{D9F2075E-8FDC-4734-B2CB-02399F982867}.Release|Any CPU.Build.0 = Release|Any CPU
		{5E7D6976-5D48-4D97-8988-2A2255FF93FC}.Debug|Any CPU.ActiveCfg = Debug|Any CPU
		{5E7D6976-5D48-4D97-8988-2A2255FF93FC}.Debug|Any CPU.Build.0 = Debug|Any CPU
		{5E7D6976-5D48-4D97-8988-2A2255FF93FC}.Release|Any CPU.ActiveCfg = Release|Any CPU
		{5E7D6976-5D48-4D97-8988-2A2255FF93FC}.Release|Any CPU.Build.0 = Release|Any CPU
	EndGlobalSection
	GlobalSection(SolutionProperties) = preSolution
		HideSolutionNode = FALSE
	EndGlobalSection
	GlobalSection(NestedProjects) = preSolution
		{D9F2075E-8FDC-4734-B2CB-02399F982867} = {FEDAA494-9793-42A6-9F9C-D6CF02022180}
	EndGlobalSection
EndGlobal
