
Microsoft Visual Studio Solution File, Format Version 12.00
# Visual Studio 15
VisualStudioVersion = 15.0.26228.4
MinimumVisualStudioVersion = 10.0.40219.1
Project("{2150E333-8FDC-42A3-9474-1A3956D46DE8}") = "WX", "WX", "{FEDAA494-9793-42A6-9F9C-D6CF02022180}"
EndProject
Project("{2150E333-8FDC-42A3-9474-1A3956D46DE8}") = "Solution Items", "Solution Items", "{1C554E9E-D16E-4015-B2A7-DF8E95E33273}"
	ProjectSection(SolutionItems) = preProject
		DoneList.txt = DoneList.txt
		README.md = README.md
		TodoList.txt = TodoList.txt
		WX\地区信息_中国地区_CN_EN.txt = WX\地区信息_中国地区_CN_EN.txt
	EndProjectSection
EndProject
Project("{2150E333-8FDC-42A3-9474-1A3956D46DE8}") = "Samples", "Samples", "{B7756CCA-C5C3-487F-8582-F065DF960491}"
EndProject
Project("{2150E333-8FDC-42A3-9474-1A3956D46DE8}") = "Tests", "Tests", "{55E2C793-B2A5-47E8-8E4E-E5AF87A695B1}"
EndProject
Project("{FAE04EC0-301F-11D3-BF4B-00C04F79EFBC}") = "OSS.Social.Samples", "Samples\OSS.Social.Samples\OSS.Social.Samples.csproj", "{1917C3DD-9BBA-4F34-A4FF-61B5146F65DB}"
EndProject
Project("{FAE04EC0-301F-11D3-BF4B-00C04F79EFBC}") = "OSS.Social.Tests", "Tests\OSS.Social.Tests\OSS.Social.Tests.csproj", "{73534267-38CE-44D1-9AE1-6C4C1170D7B4}"
EndProject
Project("{FAE04EC0-301F-11D3-BF4B-00C04F79EFBC}") = "OSS.Social.WX", "WX\OSS.Social.WX\OSS.Social.WX.csproj", "{CBE490D8-9385-496C-8DBB-EFD9FD1B61E5}"
EndProject
Global
	GlobalSection(SolutionConfigurationPlatforms) = preSolution
		Debug|Any CPU = Debug|Any CPU
		Debug|x64 = Debug|x64
		Debug|x86 = Debug|x86
		Release|Any CPU = Release|Any CPU
		Release|x64 = Release|x64
		Release|x86 = Release|x86
	EndGlobalSection
	GlobalSection(ProjectConfigurationPlatforms) = postSolution
		{1917C3DD-9BBA-4F34-A4FF-61B5146F65DB}.Debug|Any CPU.ActiveCfg = Debug|Any CPU
		{1917C3DD-9BBA-4F34-A4FF-61B5146F65DB}.Debug|Any CPU.Build.0 = Debug|Any CPU
		{1917C3DD-9BBA-4F34-A4FF-61B5146F65DB}.Debug|x64.ActiveCfg = Debug|Any CPU
		{1917C3DD-9BBA-4F34-A4FF-61B5146F65DB}.Debug|x64.Build.0 = Debug|Any CPU
		{1917C3DD-9BBA-4F34-A4FF-61B5146F65DB}.Debug|x86.ActiveCfg = Debug|Any CPU
		{1917C3DD-9BBA-4F34-A4FF-61B5146F65DB}.Debug|x86.Build.0 = Debug|Any CPU
		{1917C3DD-9BBA-4F34-A4FF-61B5146F65DB}.Release|Any CPU.ActiveCfg = Release|Any CPU
		{1917C3DD-9BBA-4F34-A4FF-61B5146F65DB}.Release|Any CPU.Build.0 = Release|Any CPU
		{1917C3DD-9BBA-4F34-A4FF-61B5146F65DB}.Release|x64.ActiveCfg = Release|Any CPU
		{1917C3DD-9BBA-4F34-A4FF-61B5146F65DB}.Release|x64.Build.0 = Release|Any CPU
		{1917C3DD-9BBA-4F34-A4FF-61B5146F65DB}.Release|x86.ActiveCfg = Release|Any CPU
		{1917C3DD-9BBA-4F34-A4FF-61B5146F65DB}.Release|x86.Build.0 = Release|Any CPU
		{73534267-38CE-44D1-9AE1-6C4C1170D7B4}.Debug|Any CPU.ActiveCfg = Debug|Any CPU
		{73534267-38CE-44D1-9AE1-6C4C1170D7B4}.Debug|Any CPU.Build.0 = Debug|Any CPU
		{73534267-38CE-44D1-9AE1-6C4C1170D7B4}.Debug|x64.ActiveCfg = Debug|Any CPU
		{73534267-38CE-44D1-9AE1-6C4C1170D7B4}.Debug|x64.Build.0 = Debug|Any CPU
		{73534267-38CE-44D1-9AE1-6C4C1170D7B4}.Debug|x86.ActiveCfg = Debug|Any CPU
		{73534267-38CE-44D1-9AE1-6C4C1170D7B4}.Debug|x86.Build.0 = Debug|Any CPU
		{73534267-38CE-44D1-9AE1-6C4C1170D7B4}.Release|Any CPU.ActiveCfg = Release|Any CPU
		{73534267-38CE-44D1-9AE1-6C4C1170D7B4}.Release|Any CPU.Build.0 = Release|Any CPU
		{73534267-38CE-44D1-9AE1-6C4C1170D7B4}.Release|x64.ActiveCfg = Release|Any CPU
		{73534267-38CE-44D1-9AE1-6C4C1170D7B4}.Release|x64.Build.0 = Release|Any CPU
		{73534267-38CE-44D1-9AE1-6C4C1170D7B4}.Release|x86.ActiveCfg = Release|Any CPU
		{73534267-38CE-44D1-9AE1-6C4C1170D7B4}.Release|x86.Build.0 = Release|Any CPU
		{CBE490D8-9385-496C-8DBB-EFD9FD1B61E5}.Debug|Any CPU.ActiveCfg = Release|Any CPU
		{CBE490D8-9385-496C-8DBB-EFD9FD1B61E5}.Debug|Any CPU.Build.0 = Release|Any CPU
		{CBE490D8-9385-496C-8DBB-EFD9FD1B61E5}.Debug|x64.ActiveCfg = Debug|Any CPU
		{CBE490D8-9385-496C-8DBB-EFD9FD1B61E5}.Debug|x64.Build.0 = Debug|Any CPU
		{CBE490D8-9385-496C-8DBB-EFD9FD1B61E5}.Debug|x86.ActiveCfg = Debug|Any CPU
		{CBE490D8-9385-496C-8DBB-EFD9FD1B61E5}.Debug|x86.Build.0 = Debug|Any CPU
		{CBE490D8-9385-496C-8DBB-EFD9FD1B61E5}.Release|Any CPU.ActiveCfg = Release|Any CPU
		{CBE490D8-9385-496C-8DBB-EFD9FD1B61E5}.Release|Any CPU.Build.0 = Release|Any CPU
		{CBE490D8-9385-496C-8DBB-EFD9FD1B61E5}.Release|x64.ActiveCfg = Release|Any CPU
		{CBE490D8-9385-496C-8DBB-EFD9FD1B61E5}.Release|x64.Build.0 = Release|Any CPU
		{CBE490D8-9385-496C-8DBB-EFD9FD1B61E5}.Release|x86.ActiveCfg = Release|Any CPU
		{CBE490D8-9385-496C-8DBB-EFD9FD1B61E5}.Release|x86.Build.0 = Release|Any CPU
	EndGlobalSection
	GlobalSection(SolutionProperties) = preSolution
		HideSolutionNode = FALSE
	EndGlobalSection
	GlobalSection(NestedProjects) = preSolution
		{1917C3DD-9BBA-4F34-A4FF-61B5146F65DB} = {B7756CCA-C5C3-487F-8582-F065DF960491}
		{73534267-38CE-44D1-9AE1-6C4C1170D7B4} = {55E2C793-B2A5-47E8-8E4E-E5AF87A695B1}
		{CBE490D8-9385-496C-8DBB-EFD9FD1B61E5} = {FEDAA494-9793-42A6-9F9C-D6CF02022180}
	EndGlobalSection
EndGlobal
