
Microsoft Visual Studio Solution File, Format Version 12.00
# Visual Studio 15
VisualStudioVersion = 15.0.26206.0
MinimumVisualStudioVersion = 10.0.40219.1
Project("{2150E333-8FDC-42A3-9474-1A3956D46DE8}") = "WX", "WX", "{FEDAA494-9793-42A6-9F9C-D6CF02022180}"
EndProject
Project("{2150E333-8FDC-42A3-9474-1A3956D46DE8}") = "Solution Items", "Solution Items", "{1C554E9E-D16E-4015-B2A7-DF8E95E33273}"
	ProjectSection(SolutionItems) = preProject
		DoneList.txt = DoneList.txt
		README.md = README.md
		TodoList.txt = TodoList.txt
		WX\地区信息_中国地区_CN_EN.txt = WX\地区信息_中国地区_CN_EN.txt
	EndProjectSection
EndProject
Project("{2150E333-8FDC-42A3-9474-1A3956D46DE8}") = "Samples", "Samples", "{B7756CCA-C5C3-487F-8582-F065DF960491}"
EndProject
Project("{2150E333-8FDC-42A3-9474-1A3956D46DE8}") = "Tests", "Tests", "{55E2C793-B2A5-47E8-8E4E-E5AF87A695B1}"
EndProject
Project("{FAE04EC0-301F-11D3-BF4B-00C04F79EFBC}") = "OSS.Social.WX", "WX\OSS.Social.WX\OSS.Social.WX.csproj", "{23EBF56A-C748-4D3D-BCA0-1F40EC9F6A7B}"
EndProject
Project("{9A19103F-16F7-4668-BE54-9A1E7A4F7556}") = "OSS.Social.Samples", "Samples\OSS.Social.Samples\OSS.Social.Samples.csproj", "{77956346-2D56-45A0-BC1C-F160757BEDBE}"
EndProject
Project("{FAE04EC0-301F-11D3-BF4B-00C04F79EFBC}") = "OSS.Social.Tests", "Tests\OSS.Social.Tests\OSS.Social.Tests.csproj", "{0912F88B-A093-4B15-8A11-1EBF1D3BE5DB}"
EndProject
Global
	GlobalSection(SolutionConfigurationPlatforms) = preSolution
		Debug|Any CPU = Debug|Any CPU
		Release|Any CPU = Release|Any CPU
	EndGlobalSection
	GlobalSection(ProjectConfigurationPlatforms) = postSolution
		{23EBF56A-C748-4D3D-BCA0-1F40EC9F6A7B}.Debug|Any CPU.ActiveCfg = Debug|Any CPU
		{23EBF56A-C748-4D3D-BCA0-1F40EC9F6A7B}.Debug|Any CPU.Build.0 = Debug|Any CPU
		{23EBF56A-C748-4D3D-BCA0-1F40EC9F6A7B}.Release|Any CPU.ActiveCfg = Release|Any CPU
		{23EBF56A-C748-4D3D-BCA0-1F40EC9F6A7B}.Release|Any CPU.Build.0 = Release|Any CPU
		{77956346-2D56-45A0-BC1C-F160757BEDBE}.Debug|Any CPU.ActiveCfg = Debug|Any CPU
		{77956346-2D56-45A0-BC1C-F160757BEDBE}.Debug|Any CPU.Build.0 = Debug|Any CPU
		{77956346-2D56-45A0-BC1C-F160757BEDBE}.Release|Any CPU.ActiveCfg = Release|Any CPU
		{77956346-2D56-45A0-BC1C-F160757BEDBE}.Release|Any CPU.Build.0 = Release|Any CPU
		{0912F88B-A093-4B15-8A11-1EBF1D3BE5DB}.Debug|Any CPU.ActiveCfg = Debug|Any CPU
		{0912F88B-A093-4B15-8A11-1EBF1D3BE5DB}.Debug|Any CPU.Build.0 = Debug|Any CPU
		{0912F88B-A093-4B15-8A11-1EBF1D3BE5DB}.Release|Any CPU.ActiveCfg = Release|Any CPU
		{0912F88B-A093-4B15-8A11-1EBF1D3BE5DB}.Release|Any CPU.Build.0 = Release|Any CPU
	EndGlobalSection
	GlobalSection(SolutionProperties) = preSolution
		HideSolutionNode = FALSE
	EndGlobalSection
	GlobalSection(NestedProjects) = preSolution
		{23EBF56A-C748-4D3D-BCA0-1F40EC9F6A7B} = {FEDAA494-9793-42A6-9F9C-D6CF02022180}
		{77956346-2D56-45A0-BC1C-F160757BEDBE} = {B7756CCA-C5C3-487F-8582-F065DF960491}
		{0912F88B-A093-4B15-8A11-1EBF1D3BE5DB} = {55E2C793-B2A5-47E8-8E4E-E5AF87A695B1}
	EndGlobalSection
EndGlobal
