
Microsoft Visual Studio Solution File, Format Version 12.00
# Visual Studio 14
VisualStudioVersion = 14.0.25420.1
MinimumVisualStudioVersion = 10.0.40219.1
Project("{2150E333-8FDC-42A3-9474-1A3956D46DE8}") = "WX", "WX", "{FEDAA494-9793-42A6-9F9C-D6CF02022180}"
EndProject
Project("{2150E333-8FDC-42A3-9474-1A3956D46DE8}") = "Solution Items", "Solution Items", "{1C554E9E-D16E-4015-B2A7-DF8E95E33273}"
	ProjectSection(SolutionItems) = preProject
		DoneList.txt = DoneList.txt
		README.md = README.md
		TodoList.txt = TodoList.txt
		WX\地区信息_中国地区_CN_EN.txt = WX\地区信息_中国地区_CN_EN.txt
	EndProjectSection
EndProject
Project("{2150E333-8FDC-42A3-9474-1A3956D46DE8}") = "Tests", "Tests", "{A5E61538-E1B8-44C9-B494-D664B28CA32D}"
EndProject
Project("{FAE04EC0-301F-11D3-BF4B-00C04F79EFBC}") = "OSS.Social.Wx.Tests", "Tests\OSS.Social.Wx.Tests\OSS.Social.Wx.Tests.csproj", "{1789947F-B717-425F-9039-3070299F62F8}"
EndProject
Project("{FAE04EC0-301F-11D3-BF4B-00C04F79EFBC}") = "OSS.Social.WX", "WX\OSS.Social.WX\OSS.Social.WX.csproj", "{D9F2075E-8FDC-4734-B2CB-02399F982867}"
EndProject
Project("{FAE04EC0-301F-11D3-BF4B-00C04F79EFBC}") = "OSS.Social.Samples", "OSS.Social.Samples\OSS.Social.Samples.csproj", "{5E7D6976-5D48-4D97-8988-2A2255FF93FC}"
EndProject
Global
	GlobalSection(SolutionConfigurationPlatforms) = preSolution
		Debug|Any CPU = Debug|Any CPU
		Release|Any CPU = Release|Any CPU
	EndGlobalSection
	GlobalSection(ProjectConfigurationPlatforms) = postSolution
		{1789947F-B717-425F-9039-3070299F62F8}.Debug|Any CPU.ActiveCfg = Debug|Any CPU
		{1789947F-B717-425F-9039-3070299F62F8}.Debug|Any CPU.Build.0 = Debug|Any CPU
		{1789947F-B717-425F-9039-3070299F62F8}.Release|Any CPU.ActiveCfg = Release|Any CPU
		{1789947F-B717-425F-9039-3070299F62F8}.Release|Any CPU.Build.0 = Release|Any CPU
		{D9F2075E-8FDC-4734-B2CB-02399F982867}.Debug|Any CPU.ActiveCfg = Release|Any CPU
		{D9F2075E-8FDC-4734-B2CB-02399F982867}.Debug|Any CPU.Build.0 = Release|Any CPU
		{D9F2075E-8FDC-4734-B2CB-02399F982867}.Release|Any CPU.ActiveCfg = Release|Any CPU
		{D9F2075E-8FDC-4734-B2CB-02399F982867}.Release|Any CPU.Build.0 = Release|Any CPU
		{5E7D6976-5D48-4D97-8988-2A2255FF93FC}.Debug|Any CPU.ActiveCfg = Debug|Any CPU
		{5E7D6976-5D48-4D97-8988-2A2255FF93FC}.Debug|Any CPU.Build.0 = Debug|Any CPU
		{5E7D6976-5D48-4D97-8988-2A2255FF93FC}.Release|Any CPU.ActiveCfg = Release|Any CPU
		{5E7D6976-5D48-4D97-8988-2A2255FF93FC}.Release|Any CPU.Build.0 = Release|Any CPU
	EndGlobalSection
	GlobalSection(SolutionProperties) = preSolution
		HideSolutionNode = FALSE
	EndGlobalSection
	GlobalSection(NestedProjects) = preSolution
		{1789947F-B717-425F-9039-3070299F62F8} = {A5E61538-E1B8-44C9-B494-D664B28CA32D}
		{D9F2075E-8FDC-4734-B2CB-02399F982867} = {FEDAA494-9793-42A6-9F9C-D6CF02022180}
	EndGlobalSection
EndGlobal
