
Microsoft Visual Studio Solution File, Format Version 12.00
# Visual Studio 15
VisualStudioVersion = 15.0.26730.12
MinimumVisualStudioVersion = 10.0.40219.1
Project("{2150E333-8FDC-42A3-9474-1A3956D46DE8}") = "Solution Items", "Solution Items", "{1C554E9E-D16E-4015-B2A7-DF8E95E33273}"
	ProjectSection(SolutionItems) = preProject
		DoneList.txt = DoneList.txt
		README.md = README.md
		TodoList.txt = TodoList.txt
		Official\地区信息_中国地区_CN_EN.txt = Official\地区信息_中国地区_CN_EN.txt
	EndProjectSection
EndProject
Project("{2150E333-8FDC-42A3-9474-1A3956D46DE8}") = "Samples", "Samples", "{B7756CCA-C5C3-487F-8582-F065DF960491}"
EndProject
Project("{2150E333-8FDC-42A3-9474-1A3956D46DE8}") = "Tests", "Tests", "{55E2C793-B2A5-47E8-8E4E-E5AF87A695B1}"
EndProject
Project("{2150E333-8FDC-42A3-9474-1A3956D46DE8}") = "Msg", "Msg", "{2D82DBC8-6065-4D3C-972C-15A66363DAB4}"
	ProjectSection(SolutionItems) = preProject
		Sns\Msg\ReadMe.md = Sns\Msg\ReadMe.md
	EndProjectSection
EndProject
Project("{2150E333-8FDC-42A3-9474-1A3956D46DE8}") = "Social", "Social", "{C520EEBA-8198-4681-83A6-66C294129782}"
	ProjectSection(SolutionItems) = preProject
		Sns\Social\ReadMe.md = Sns\Social\ReadMe.md
	EndProjectSection
EndProject
Project("{2150E333-8FDC-42A3-9474-1A3956D46DE8}") = "Oauth", "Oauth", "{4DDBFA01-60B0-484D-87F1-A5576600D2A2}"
	ProjectSection(SolutionItems) = preProject
		Sns\Oauth\ReadMe.md = Sns\Oauth\ReadMe.md
	EndProjectSection
EndProject
Project("{2150E333-8FDC-42A3-9474-1A3956D46DE8}") = "Official", "Official", "{2E8E5A6E-F931-41F1-8DF5-F2F4E5E807FD}"
	ProjectSection(SolutionItems) = preProject
		Sns\Official\ReadMe.md = Sns\Official\ReadMe.md
	EndProjectSection
EndProject
Project("{FAE04EC0-301F-11D3-BF4B-00C04F79EFBC}") = "OSS.SnsSdk.Tests", "Tests\OSS.SnsSdk.Tests\OSS.SnsSdk.Tests.csproj", "{73534267-38CE-44D1-9AE1-6C4C1170D7B4}"
EndProject
Project("{9A19103F-16F7-4668-BE54-9A1E7A4F7556}") = "OSS.SnsSdk.Samples", "Samples\OSS.SnsSdk.Samples\OSS.SnsSdk.Samples.csproj", "{7416B03A-9559-4E8C-B63D-09A9D011EC8D}"
EndProject
Project("{2150E333-8FDC-42A3-9474-1A3956D46DE8}") = "Sns", "Sns", "{D333701B-6E7E-40FC-A5B3-7B5887008881}"
EndProject
Project("{9A19103F-16F7-4668-BE54-9A1E7A4F7556}") = "OSS.SnsSdk.Msg.Wx", "Sns\Msg\OSS.SnsSdk.Msg.Wx\OSS.SnsSdk.Msg.Wx.csproj", "{36A5EDF8-A414-473C-A69A-6472A56B1417}"
EndProject
Project("{9A19103F-16F7-4668-BE54-9A1E7A4F7556}") = "OSS.SnsSdk.Oauth", "Sns\Oauth\OSS.SnsSdk.Oauth\OSS.SnsSdk.Oauth.csproj", "{B2F50A24-00DB-4BC4-9967-44505A2689EB}"
EndProject
Project("{9A19103F-16F7-4668-BE54-9A1E7A4F7556}") = "OSS.SnsSdk.Official.Wx", "Sns\Official\OSS.SnsSdk.Official.Wx\OSS.SnsSdk.Official.Wx.csproj", "{8FA57913-A48B-48AB-8F1D-2B25D59EED04}"
EndProject
Global
	GlobalSection(SolutionConfigurationPlatforms) = preSolution
		Debug|Any CPU = Debug|Any CPU
		Debug|x64 = Debug|x64
		Debug|x86 = Debug|x86
		Release|Any CPU = Release|Any CPU
		Release|x64 = Release|x64
		Release|x86 = Release|x86
	EndGlobalSection
	GlobalSection(ProjectConfigurationPlatforms) = postSolution
		{73534267-38CE-44D1-9AE1-6C4C1170D7B4}.Debug|Any CPU.ActiveCfg = Debug|Any CPU
		{73534267-38CE-44D1-9AE1-6C4C1170D7B4}.Debug|Any CPU.Build.0 = Debug|Any CPU
		{73534267-38CE-44D1-9AE1-6C4C1170D7B4}.Debug|x64.ActiveCfg = Debug|Any CPU
		{73534267-38CE-44D1-9AE1-6C4C1170D7B4}.Debug|x64.Build.0 = Debug|Any CPU
		{73534267-38CE-44D1-9AE1-6C4C1170D7B4}.Debug|x86.ActiveCfg = Debug|Any CPU
		{73534267-38CE-44D1-9AE1-6C4C1170D7B4}.Debug|x86.Build.0 = Debug|Any CPU
		{73534267-38CE-44D1-9AE1-6C4C1170D7B4}.Release|Any CPU.ActiveCfg = Release|Any CPU
		{73534267-38CE-44D1-9AE1-6C4C1170D7B4}.Release|Any CPU.Build.0 = Release|Any CPU
		{73534267-38CE-44D1-9AE1-6C4C1170D7B4}.Release|x64.ActiveCfg = Release|Any CPU
		{73534267-38CE-44D1-9AE1-6C4C1170D7B4}.Release|x64.Build.0 = Release|Any CPU
		{73534267-38CE-44D1-9AE1-6C4C1170D7B4}.Release|x86.ActiveCfg = Release|Any CPU
		{73534267-38CE-44D1-9AE1-6C4C1170D7B4}.Release|x86.Build.0 = Release|Any CPU
		{7416B03A-9559-4E8C-B63D-09A9D011EC8D}.Debug|Any CPU.ActiveCfg = Debug|Any CPU
		{7416B03A-9559-4E8C-B63D-09A9D011EC8D}.Debug|Any CPU.Build.0 = Debug|Any CPU
		{7416B03A-9559-4E8C-B63D-09A9D011EC8D}.Debug|x64.ActiveCfg = Debug|Any CPU
		{7416B03A-9559-4E8C-B63D-09A9D011EC8D}.Debug|x64.Build.0 = Debug|Any CPU
		{7416B03A-9559-4E8C-B63D-09A9D011EC8D}.Debug|x86.ActiveCfg = Debug|Any CPU
		{7416B03A-9559-4E8C-B63D-09A9D011EC8D}.Debug|x86.Build.0 = Debug|Any CPU
		{7416B03A-9559-4E8C-B63D-09A9D011EC8D}.Release|Any CPU.ActiveCfg = Debug|Any CPU
		{7416B03A-9559-4E8C-B63D-09A9D011EC8D}.Release|Any CPU.Build.0 = Debug|Any CPU
		{7416B03A-9559-4E8C-B63D-09A9D011EC8D}.Release|x64.ActiveCfg = Release|Any CPU
		{7416B03A-9559-4E8C-B63D-09A9D011EC8D}.Release|x64.Build.0 = Release|Any CPU
		{7416B03A-9559-4E8C-B63D-09A9D011EC8D}.Release|x86.ActiveCfg = Release|Any CPU
		{7416B03A-9559-4E8C-B63D-09A9D011EC8D}.Release|x86.Build.0 = Release|Any CPU
		{36A5EDF8-A414-473C-A69A-6472A56B1417}.Debug|Any CPU.ActiveCfg = Debug|Any CPU
		{36A5EDF8-A414-473C-A69A-6472A56B1417}.Debug|Any CPU.Build.0 = Debug|Any CPU
		{36A5EDF8-A414-473C-A69A-6472A56B1417}.Debug|x64.ActiveCfg = Debug|Any CPU
		{36A5EDF8-A414-473C-A69A-6472A56B1417}.Debug|x64.Build.0 = Debug|Any CPU
		{36A5EDF8-A414-473C-A69A-6472A56B1417}.Debug|x86.ActiveCfg = Debug|Any CPU
		{36A5EDF8-A414-473C-A69A-6472A56B1417}.Debug|x86.Build.0 = Debug|Any CPU
		{36A5EDF8-A414-473C-A69A-6472A56B1417}.Release|Any CPU.ActiveCfg = Release|Any CPU
		{36A5EDF8-A414-473C-A69A-6472A56B1417}.Release|Any CPU.Build.0 = Release|Any CPU
		{36A5EDF8-A414-473C-A69A-6472A56B1417}.Release|x64.ActiveCfg = Release|Any CPU
		{36A5EDF8-A414-473C-A69A-6472A56B1417}.Release|x64.Build.0 = Release|Any CPU
		{36A5EDF8-A414-473C-A69A-6472A56B1417}.Release|x86.ActiveCfg = Release|Any CPU
		{36A5EDF8-A414-473C-A69A-6472A56B1417}.Release|x86.Build.0 = Release|Any CPU
		{B2F50A24-00DB-4BC4-9967-44505A2689EB}.Debug|Any CPU.ActiveCfg = Release|Any CPU
		{B2F50A24-00DB-4BC4-9967-44505A2689EB}.Debug|Any CPU.Build.0 = Release|Any CPU
		{B2F50A24-00DB-4BC4-9967-44505A2689EB}.Debug|x64.ActiveCfg = Debug|Any CPU
		{B2F50A24-00DB-4BC4-9967-44505A2689EB}.Debug|x64.Build.0 = Debug|Any CPU
		{B2F50A24-00DB-4BC4-9967-44505A2689EB}.Debug|x86.ActiveCfg = Debug|Any CPU
		{B2F50A24-00DB-4BC4-9967-44505A2689EB}.Debug|x86.Build.0 = Debug|Any CPU
		{B2F50A24-00DB-4BC4-9967-44505A2689EB}.Release|Any CPU.ActiveCfg = Release|Any CPU
		{B2F50A24-00DB-4BC4-9967-44505A2689EB}.Release|Any CPU.Build.0 = Release|Any CPU
		{B2F50A24-00DB-4BC4-9967-44505A2689EB}.Release|x64.ActiveCfg = Release|Any CPU
		{B2F50A24-00DB-4BC4-9967-44505A2689EB}.Release|x64.Build.0 = Release|Any CPU
		{B2F50A24-00DB-4BC4-9967-44505A2689EB}.Release|x86.ActiveCfg = Release|Any CPU
		{B2F50A24-00DB-4BC4-9967-44505A2689EB}.Release|x86.Build.0 = Release|Any CPU
		{8FA57913-A48B-48AB-8F1D-2B25D59EED04}.Debug|Any CPU.ActiveCfg = Release|Any CPU
		{8FA57913-A48B-48AB-8F1D-2B25D59EED04}.Debug|Any CPU.Build.0 = Release|Any CPU
		{8FA57913-A48B-48AB-8F1D-2B25D59EED04}.Debug|x64.ActiveCfg = Debug|Any CPU
		{8FA57913-A48B-48AB-8F1D-2B25D59EED04}.Debug|x64.Build.0 = Debug|Any CPU
		{8FA57913-A48B-48AB-8F1D-2B25D59EED04}.Debug|x86.ActiveCfg = Debug|Any CPU
		{8FA57913-A48B-48AB-8F1D-2B25D59EED04}.Debug|x86.Build.0 = Debug|Any CPU
		{8FA57913-A48B-48AB-8F1D-2B25D59EED04}.Release|Any CPU.ActiveCfg = Release|Any CPU
		{8FA57913-A48B-48AB-8F1D-2B25D59EED04}.Release|Any CPU.Build.0 = Release|Any CPU
		{8FA57913-A48B-48AB-8F1D-2B25D59EED04}.Release|x64.ActiveCfg = Release|Any CPU
		{8FA57913-A48B-48AB-8F1D-2B25D59EED04}.Release|x64.Build.0 = Release|Any CPU
		{8FA57913-A48B-48AB-8F1D-2B25D59EED04}.Release|x86.ActiveCfg = Release|Any CPU
		{8FA57913-A48B-48AB-8F1D-2B25D59EED04}.Release|x86.Build.0 = Release|Any CPU
	EndGlobalSection
	GlobalSection(SolutionProperties) = preSolution
		HideSolutionNode = FALSE
	EndGlobalSection
	GlobalSection(NestedProjects) = preSolution
		{2D82DBC8-6065-4D3C-972C-15A66363DAB4} = {D333701B-6E7E-40FC-A5B3-7B5887008881}
		{C520EEBA-8198-4681-83A6-66C294129782} = {D333701B-6E7E-40FC-A5B3-7B5887008881}
		{4DDBFA01-60B0-484D-87F1-A5576600D2A2} = {D333701B-6E7E-40FC-A5B3-7B5887008881}
		{2E8E5A6E-F931-41F1-8DF5-F2F4E5E807FD} = {D333701B-6E7E-40FC-A5B3-7B5887008881}
		{73534267-38CE-44D1-9AE1-6C4C1170D7B4} = {55E2C793-B2A5-47E8-8E4E-E5AF87A695B1}
		{7416B03A-9559-4E8C-B63D-09A9D011EC8D} = {B7756CCA-C5C3-487F-8582-F065DF960491}
		{36A5EDF8-A414-473C-A69A-6472A56B1417} = {2D82DBC8-6065-4D3C-972C-15A66363DAB4}
		{B2F50A24-00DB-4BC4-9967-44505A2689EB} = {4DDBFA01-60B0-484D-87F1-A5576600D2A2}
		{8FA57913-A48B-48AB-8F1D-2B25D59EED04} = {2E8E5A6E-F931-41F1-8DF5-F2F4E5E807FD}
	EndGlobalSection
	GlobalSection(ExtensibilityGlobals) = postSolution
		SolutionGuid = {5F74D9B5-6809-4D57-AA82-B2202E2CC620}
	EndGlobalSection
EndGlobal
